
Microsoft Visual Studio Solution File, Format Version 12.00
# Visual Studio Version 16
VisualStudioVersion = 16.0.32106.194
MinimumVisualStudioVersion = 10.0.40219.1
Project("{FAE04EC0-301F-11D3-BF4B-00C04F79EFBC}") = "HOSPITAL", "HOSPITAL\HOSPITAL.csproj", "{62906698-F16B-45ED-B1A0-83A11D11869B}"
EndProject
Global
	GlobalSection(SolutionConfigurationPlatforms) = preSolution
		Debug|Any CPU = Debug|Any CPU
		Release|Any CPU = Release|Any CPU
	EndGlobalSection
	GlobalSection(ProjectConfigurationPlatforms) = postSolution
		{62906698-F16B-45ED-B1A0-83A11D11869B}.Debug|Any CPU.ActiveCfg = Debug|Any CPU
		{62906698-F16B-45ED-B1A0-83A11D11869B}.Debug|Any CPU.Build.0 = Debug|Any CPU
		{62906698-F16B-45ED-B1A0-83A11D11869B}.Release|Any CPU.ActiveCfg = Release|Any CPU
		{62906698-F16B-45ED-B1A0-83A11D11869B}.Release|Any CPU.Build.0 = Release|Any CPU
	EndGlobalSection
	GlobalSection(SolutionProperties) = preSolution
		HideSolutionNode = FALSE
	EndGlobalSection
	GlobalSection(ExtensibilityGlobals) = postSolution
		SolutionGuid = {F8144E64-1D29-49F3-810F-66ED72CF83E1}
	EndGlobalSection
EndGlobal
